
Microsoft Visual Studio Solution File, Format Version 12.00
# Visual Studio Version 17
VisualStudioVersion = 17.9.34723.18
MinimumVisualStudioVersion = 10.0.40219.1
Project("{2150E333-8FDC-42A3-9474-1A3956D46DE8}") = "Core", "Core", "{C5F8760B-9F9E-47AC-A4F8-038EDD3E38C2}"
EndProject
Project("{9A19103F-16F7-4668-BE54-9A1E7A4F7556}") = "CarBook.Domain", "Core\CarBook.Domain\CarBook.Domain.csproj", "{7FAD32AA-CF92-4FB7-B14A-BBE7707C8FBF}"
EndProject
Project("{2150E333-8FDC-42A3-9474-1A3956D46DE8}") = "Infrastructure", "Infrastructure", "{B4363E41-3919-4089-AEEF-8BBC8C71491A}"
EndProject
Project("{9A19103F-16F7-4668-BE54-9A1E7A4F7556}") = "CarBook.Persistence", "Infrastructure\CarBook.Persistence\CarBook.Persistence.csproj", "{7BEB9905-1A07-46D3-BCDC-6BC71D20B526}"
EndProject
Project("{2150E333-8FDC-42A3-9474-1A3956D46DE8}") = "Presentation", "Presentation", "{9B847D73-FE55-4E39-989A-CA7B235AE780}"
EndProject
Project("{9A19103F-16F7-4668-BE54-9A1E7A4F7556}") = "CarBook.WebApi", "Presentation\CarBook.WebApi\CarBook.WebApi.csproj", "{E0ABF880-172D-4216-951C-43F7BD332BB1}"
EndProject
Project("{9A19103F-16F7-4668-BE54-9A1E7A4F7556}") = "CarBook.Application", "Core\CarBook.Application\CarBook.Application.csproj", "{2994B66E-9718-45C7-A620-C5729D1FE0C0}"
EndProject
Project("{2150E333-8FDC-42A3-9474-1A3956D46DE8}") = "Frontends", "Frontends", "{0899F672-F37F-4046-917E-B2532E2DF4E7}"
EndProject
Project("{FAE04EC0-301F-11D3-BF4B-00C04F79EFBC}") = "CarBook.WebUI", "Frontends\CarBook.WebUI\CarBook.WebUI.csproj", "{8FC159E0-1993-4FFD-8831-87468F01C7B0}"
EndProject
Project("{FAE04EC0-301F-11D3-BF4B-00C04F79EFBC}") = "CarBook.Dto", "Frontends\CarBook.Dto\CarBook.Dto.csproj", "{5A3D5AE5-2B38-4967-94C8-2619EB8EF527}"
EndProject
Global
	GlobalSection(SolutionConfigurationPlatforms) = preSolution
		Debug|Any CPU = Debug|Any CPU
		Release|Any CPU = Release|Any CPU
	EndGlobalSection
	GlobalSection(ProjectConfigurationPlatforms) = postSolution
		{7FAD32AA-CF92-4FB7-B14A-BBE7707C8FBF}.Debug|Any CPU.ActiveCfg = Debug|Any CPU
		{7FAD32AA-CF92-4FB7-B14A-BBE7707C8FBF}.Debug|Any CPU.Build.0 = Debug|Any CPU
		{7FAD32AA-CF92-4FB7-B14A-BBE7707C8FBF}.Release|Any CPU.ActiveCfg = Release|Any CPU
		{7FAD32AA-CF92-4FB7-B14A-BBE7707C8FBF}.Release|Any CPU.Build.0 = Release|Any CPU
		{7BEB9905-1A07-46D3-BCDC-6BC71D20B526}.Debug|Any CPU.ActiveCfg = Debug|Any CPU
		{7BEB9905-1A07-46D3-BCDC-6BC71D20B526}.Debug|Any CPU.Build.0 = Debug|Any CPU
		{7BEB9905-1A07-46D3-BCDC-6BC71D20B526}.Release|Any CPU.ActiveCfg = Release|Any CPU
		{7BEB9905-1A07-46D3-BCDC-6BC71D20B526}.Release|Any CPU.Build.0 = Release|Any CPU
		{E0ABF880-172D-4216-951C-43F7BD332BB1}.Debug|Any CPU.ActiveCfg = Debug|Any CPU
		{E0ABF880-172D-4216-951C-43F7BD332BB1}.Debug|Any CPU.Build.0 = Debug|Any CPU
		{E0ABF880-172D-4216-951C-43F7BD332BB1}.Release|Any CPU.ActiveCfg = Release|Any CPU
		{E0ABF880-172D-4216-951C-43F7BD332BB1}.Release|Any CPU.Build.0 = Release|Any CPU
		{2994B66E-9718-45C7-A620-C5729D1FE0C0}.Debug|Any CPU.ActiveCfg = Debug|Any CPU
		{2994B66E-9718-45C7-A620-C5729D1FE0C0}.Debug|Any CPU.Build.0 = Debug|Any CPU
		{2994B66E-9718-45C7-A620-C5729D1FE0C0}.Release|Any CPU.ActiveCfg = Release|Any CPU
		{2994B66E-9718-45C7-A620-C5729D1FE0C0}.Release|Any CPU.Build.0 = Release|Any CPU
		{8FC159E0-1993-4FFD-8831-87468F01C7B0}.Debug|Any CPU.ActiveCfg = Debug|Any CPU
		{8FC159E0-1993-4FFD-8831-87468F01C7B0}.Debug|Any CPU.Build.0 = Debug|Any CPU
		{8FC159E0-1993-4FFD-8831-87468F01C7B0}.Release|Any CPU.ActiveCfg = Release|Any CPU
		{8FC159E0-1993-4FFD-8831-87468F01C7B0}.Release|Any CPU.Build.0 = Release|Any CPU
		{5A3D5AE5-2B38-4967-94C8-2619EB8EF527}.Debug|Any CPU.ActiveCfg = Debug|Any CPU
		{5A3D5AE5-2B38-4967-94C8-2619EB8EF527}.Debug|Any CPU.Build.0 = Debug|Any CPU
		{5A3D5AE5-2B38-4967-94C8-2619EB8EF527}.Release|Any CPU.ActiveCfg = Release|Any CPU
		{5A3D5AE5-2B38-4967-94C8-2619EB8EF527}.Release|Any CPU.Build.0 = Release|Any CPU
	EndGlobalSection
	GlobalSection(SolutionProperties) = preSolution
		HideSolutionNode = FALSE
	EndGlobalSection
	GlobalSection(NestedProjects) = preSolution
		{7FAD32AA-CF92-4FB7-B14A-BBE7707C8FBF} = {C5F8760B-9F9E-47AC-A4F8-038EDD3E38C2}
		{7BEB9905-1A07-46D3-BCDC-6BC71D20B526} = {B4363E41-3919-4089-AEEF-8BBC8C71491A}
		{E0ABF880-172D-4216-951C-43F7BD332BB1} = {9B847D73-FE55-4E39-989A-CA7B235AE780}
		{2994B66E-9718-45C7-A620-C5729D1FE0C0} = {C5F8760B-9F9E-47AC-A4F8-038EDD3E38C2}
		{8FC159E0-1993-4FFD-8831-87468F01C7B0} = {0899F672-F37F-4046-917E-B2532E2DF4E7}
		{5A3D5AE5-2B38-4967-94C8-2619EB8EF527} = {0899F672-F37F-4046-917E-B2532E2DF4E7}
	EndGlobalSection
	GlobalSection(ExtensibilityGlobals) = postSolution
		SolutionGuid = {5BE005D5-0B0C-4B8E-96B9-5634286747DF}
	EndGlobalSection
EndGlobal
